// !$*UTF8*$!
{
	archiveVersion = 1;
	classes = {
	};
	objectVersion = 50;
	objects = {

/* Begin PBXBuildFile section */
		23D0FFB726B98F7E003B5EFA /* AppDelegate.swift in Sources */ = {isa = PBXBuildFile; fileRef = 23D0FFB626B98F7E003B5EFA /* AppDelegate.swift */; };
		23D0FFB926B98F7E003B5EFA /* SceneDelegate.swift in Sources */ = {isa = PBXBuildFile; fileRef = 23D0FFB826B98F7E003B5EFA /* SceneDelegate.swift */; };
		23D0FFBB26B98F7E003B5EFA /* ViewController.swift in Sources */ = {isa = PBXBuildFile; fileRef = 23D0FFBA26B98F7E003B5EFA /* ViewController.swift */; };
		23D0FFBE26B98F7E003B5EFA /* Main.storyboard in Resources */ = {isa = PBXBuildFile; fileRef = 23D0FFBC26B98F7E003B5EFA /* Main.storyboard */; };
		23D0FFC126B98F7E003B5EFA /* GitHub_And_Stuff.xcdatamodeld in Sources */ = {isa = PBXBuildFile; fileRef = 23D0FFBF26B98F7E003B5EFA /* GitHub_And_Stuff.xcdatamodeld */; };
		23D0FFC326B98F90003B5EFA /* Assets.xcassets in Resources */ = {isa = PBXBuildFile; fileRef = 23D0FFC226B98F90003B5EFA /* Assets.xcassets */; };
		23D0FFC626B98F90003B5EFA /* LaunchScreen.storyboard in Resources */ = {isa = PBXBuildFile; fileRef = 23D0FFC426B98F90003B5EFA /* LaunchScreen.storyboard */; };
/* End PBXBuildFile section */

/* Begin PBXFileReference section */
		23D0FFB326B98F7D003B5EFA /* GitHub_And_Stuff.app */ = {isa = PBXFileReference; explicitFileType = wrapper.application; includeInIndex = 0; path = GitHub_And_Stuff.app; sourceTree = BUILT_PRODUCTS_DIR; };
		23D0FFB626B98F7E003B5EFA /* AppDelegate.swift */ = {isa = PBXFileReference; lastKnownFileType = sourcecode.swift; path = AppDelegate.swift; sourceTree = "<group>"; };
		23D0FFB826B98F7E003B5EFA /* SceneDelegate.swift */ = {isa = PBXFileReference; lastKnownFileType = sourcecode.swift; path = SceneDelegate.swift; sourceTree = "<group>"; };
		23D0FFBA26B98F7E003B5EFA /* ViewController.swift */ = {isa = PBXFileReference; lastKnownFileType = sourcecode.swift; path = ViewController.swift; sourceTree = "<group>"; };
		23D0FFBD26B98F7E003B5EFA /* Base */ = {isa = PBXFileReference; lastKnownFileType = file.storyboard; name = Base; path = Base.lproj/Main.storyboard; sourceTree = "<group>"; };
		23D0FFC026B98F7E003B5EFA /* GitHub_And_Stuff.xcdatamodel */ = {isa = PBXFileReference; lastKnownFileType = wrapper.xcdatamodel; path = GitHub_And_Stuff.xcdatamodel; sourceTree = "<group>"; };
		23D0FFC226B98F90003B5EFA /* Assets.xcassets */ = {isa = PBXFileReference; lastKnownFileType = folder.assetcatalog; path = Assets.xcassets; sourceTree = "<group>"; };
		23D0FFC526B98F90003B5EFA /* Base */ = {isa = PBXFileReference; lastKnownFileType = file.storyboard; name = Base; path = Base.lproj/LaunchScreen.storyboard; sourceTree = "<group>"; };
		23D0FFC726B98F90003B5EFA /* Info.plist */ = {isa = PBXFileReference; lastKnownFileType = text.plist.xml; path = Info.plist; sourceTree = "<group>"; };
/* End PBXFileReference section */

/* Begin PBXFrameworksBuildPhase section */
		23D0FFB026B98F7D003B5EFA /* Frameworks */ = {
			isa = PBXFrameworksBuildPhase;
			buildActionMask = 2147483647;
			files = (
			);
			runOnlyForDeploymentPostprocessing = 0;
		};
/* End PBXFrameworksBuildPhase section */

/* Begin PBXGroup section */
		23D0FFAA26B98F7D003B5EFA = {
			isa = PBXGroup;
			children = (
				23D0FFB526B98F7D003B5EFA /* GitHub_And_Stuff */,
				23D0FFB426B98F7D003B5EFA /* Products */,
			);
			sourceTree = "<group>";
		};
		23D0FFB426B98F7D003B5EFA /* Products */ = {
			isa = PBXGroup;
			children = (
				23D0FFB326B98F7D003B5EFA /* GitHub_And_Stuff.app */,
			);
			name = Products;
			sourceTree = "<group>";
		};
		23D0FFB526B98F7D003B5EFA /* GitHub_And_Stuff */ = {
			isa = PBXGroup;
			children = (
				23D0FFB626B98F7E003B5EFA /* AppDelegate.swift */,
				23D0FFB826B98F7E003B5EFA /* SceneDelegate.swift */,
				23D0FFBA26B98F7E003B5EFA /* ViewController.swift */,
				23D0FFBC26B98F7E003B5EFA /* Main.storyboard */,
				23D0FFC226B98F90003B5EFA /* Assets.xcassets */,
				23D0FFC426B98F90003B5EFA /* LaunchScreen.storyboard */,
				23D0FFC726B98F90003B5EFA /* Info.plist */,
				23D0FFBF26B98F7E003B5EFA /* GitHub_And_Stuff.xcdatamodeld */,
			);
			path = GitHub_And_Stuff;
			sourceTree = "<group>";
		};
/* End PBXGroup section */

/* Begin PBXNativeTarget section */
		23D0FFB226B98F7D003B5EFA /* GitHub_And_Stuff */ = {
			isa = PBXNativeTarget;
			buildConfigurationList = 23D0FFCA26B98F90003B5EFA /* Build configuration list for PBXNativeTarget "GitHub_And_Stuff" */;
			buildPhases = (
				23D0FFAF26B98F7D003B5EFA /* Sources */,
				23D0FFB026B98F7D003B5EFA /* Frameworks */,
				23D0FFB126B98F7D003B5EFA /* Resources */,
			);
			buildRules = (
			);
			dependencies = (
			);
			name = GitHub_And_Stuff;
			productName = GitHub_And_Stuff;
			productReference = 23D0FFB326B98F7D003B5EFA /* GitHub_And_Stuff.app */;
			productType = "com.apple.product-type.application";
		};
/* End PBXNativeTarget section */

/* Begin PBXProject section */
		23D0FFAB26B98F7D003B5EFA /* Project object */ = {
			isa = PBXProject;
			attributes = {
				LastSwiftUpdateCheck = 1250;
				LastUpgradeCheck = 1250;
				TargetAttributes = {
					23D0FFB226B98F7D003B5EFA = {
						CreatedOnToolsVersion = 12.5.1;
					};
				};
			};
			buildConfigurationList = 23D0FFAE26B98F7D003B5EFA /* Build configuration list for PBXProject "GitHub_And_Stuff" */;
			compatibilityVersion = "Xcode 9.3";
			developmentRegion = en;
			hasScannedForEncodings = 0;
			knownRegions = (
				en,
				Base,
			);
			mainGroup = 23D0FFAA26B98F7D003B5EFA;
			productRefGroup = 23D0FFB426B98F7D003B5EFA /* Products */;
			projectDirPath = "";
			projectRoot = "";
			targets = (
				23D0FFB226B98F7D003B5EFA /* GitHub_And_Stuff */,
			);
		};
/* End PBXProject section */

/* Begin PBXResourcesBuildPhase section */
		23D0FFB126B98F7D003B5EFA /* Resources */ = {
			isa = PBXResourcesBuildPhase;
			buildActionMask = 2147483647;
			files = (
				23D0FFC626B98F90003B5EFA /* LaunchScreen.storyboard in Resources */,
				23D0FFC326B98F90003B5EFA /* Assets.xcassets in Resources */,
				23D0FFBE26B98F7E003B5EFA /* Main.storyboard in Resources */,
			);
			runOnlyForDeploymentPostprocessing = 0;
		};
/* End PBXResourcesBuildPhase section */

/* Begin PBXSourcesBuildPhase section */
		23D0FFAF26B98F7D003B5EFA /* Sources */ = {
			isa = PBXSourcesBuildPhase;
			buildActionMask = 2147483647;
			files = (
				23D0FFBB26B98F7E003B5EFA /* ViewController.swift in Sources */,
				23D0FFC126B98F7E003B5EFA /* GitHub_And_Stuff.xcdatamodeld in Sources */,
				23D0FFB726B98F7E003B5EFA /* AppDelegate.swift in Sources */,
				23D0FFB926B98F7E003B5EFA /* SceneDelegate.swift in Sources */,
			);
			runOnlyForDeploymentPostprocessing = 0;
		};
/* End PBXSourcesBuildPhase section */

/* Begin PBXVariantGroup section */
		23D0FFBC26B98F7E003B5EFA /* Main.storyboard */ = {
			isa = PBXVariantGroup;
			children = (
				23D0FFBD26B98F7E003B5EFA /* Base */,
			);
			name = Main.storyboard;
			sourceTree = "<group>";
		};
		23D0FFC426B98F90003B5EFA /* LaunchScreen.storyboard */ = {
			isa = PBXVariantGroup;
			children = (
				23D0FFC526B98F90003B5EFA /* Base */,
			);
			name = LaunchScreen.storyboard;
			sourceTree = "<group>";
		};
/* End PBXVariantGroup section */

/* Begin XCBuildConfiguration section */
		23D0FFC826B98F90003B5EFA /* Debug */ = {
			isa = XCBuildConfiguration;
			buildSettings = {
				ALWAYS_SEARCH_USER_PATHS = NO;
				CLANG_ANALYZER_NONNULL = YES;
				CLANG_ANALYZER_NUMBER_OBJECT_CONVERSION = YES_AGGRESSIVE;
				CLANG_CXX_LANGUAGE_STANDARD = "gnu++14";
				CLANG_CXX_LIBRARY = "libc++";
				CLANG_ENABLE_MODULES = YES;
				CLANG_ENABLE_OBJC_ARC = YES;
				CLANG_ENABLE_OBJC_WEAK = YES;
				CLANG_WARN_BLOCK_CAPTURE_AUTORELEASING = YES;
				CLANG_WARN_BOOL_CONVERSION = YES;
				CLANG_WARN_COMMA = YES;
				CLANG_WARN_CONSTANT_CONVERSION = YES;
				CLANG_WARN_DEPRECATED_OBJC_IMPLEMENTATIONS = YES;
				CLANG_WARN_DIRECT_OBJC_ISA_USAGE = YES_ERROR;
				CLANG_WARN_DOCUMENTATION_COMMENTS = YES;
				CLANG_WARN_EMPTY_BODY = YES;
				CLANG_WARN_ENUM_CONVERSION = YES;
				CLANG_WARN_INFINITE_RECURSION = YES;
				CLANG_WARN_INT_CONVERSION = YES;
				CLANG_WARN_NON_LITERAL_NULL_CONVERSION = YES;
				CLANG_WARN_OBJC_IMPLICIT_RETAIN_SELF = YES;
				CLANG_WARN_OBJC_LITERAL_CONVERSION = YES;
				CLANG_WARN_OBJC_ROOT_CLASS = YES_ERROR;
				CLANG_WARN_QUOTED_INCLUDE_IN_FRAMEWORK_HEADER = YES;
				CLANG_WARN_RANGE_LOOP_ANALYSIS = YES;
				CLANG_WARN_STRICT_PROTOTYPES = YES;
				CLANG_WARN_SUSPICIOUS_MOVE = YES;
				CLANG_WARN_UNGUARDED_AVAILABILITY = YES_AGGRESSIVE;
				CLANG_WARN_UNREACHABLE_CODE = YES;
				CLANG_WARN__DUPLICATE_METHOD_MATCH = YES;
				COPY_PHASE_STRIP = NO;
				DEBUG_INFORMATION_FORMAT = dwarf;
				ENABLE_STRICT_OBJC_MSGSEND = YES;
				ENABLE_TESTABILITY = YES;
				GCC_C_LANGUAGE_STANDARD = gnu11;
				GCC_DYNAMIC_NO_PIC = NO;
				GCC_NO_COMMON_BLOCKS = YES;
				GCC_OPTIMIZATION_LEVEL = 0;
				GCC_PREPROCESSOR_DEFINITIONS = (
					"DEBUG=1",
					"$(inherited)",
				);
				GCC_WARN_64_TO_32_BIT_CONVERSION = YES;
				GCC_WARN_ABOUT_RETURN_TYPE = YES_ERROR;
				GCC_WARN_UNDECLARED_SELECTOR = YES;
				GCC_WARN_UNINITIALIZED_AUTOS = YES_AGGRESSIVE;
				GCC_WARN_UNUSED_FUNCTION = YES;
				GCC_WARN_UNUSED_VARIABLE = YES;
				IPHONEOS_DEPLOYMENT_TARGET = 14.5;
				MTL_ENABLE_DEBUG_INFO = INCLUDE_SOURCE;
				MTL_FAST_MATH = YES;
				ONLY_ACTIVE_ARCH = YES;
				SDKROOT = iphoneos;
				SWIFT_ACTIVE_COMPILATION_CONDITIONS = DEBUG;
				SWIFT_OPTIMIZATION_LEVEL = "-Onone";
			};
			name = Debug;
		};
		23D0FFC926B98F90003B5EFA /* Release */ = {
			isa = XCBuildConfiguration;
			buildSettings = {
				ALWAYS_SEARCH_USER_PATHS = NO;
				CLANG_ANALYZER_NONNULL = YES;
				CLANG_ANALYZER_NUMBER_OBJECT_CONVERSION = YES_AGGRESSIVE;
				CLANG_CXX_LANGUAGE_STANDARD = "gnu++14";
				CLANG_CXX_LIBRARY = "libc++";
				CLANG_ENABLE_MODULES = YES;
				CLANG_ENABLE_OBJC_ARC = YES;
				CLANG_ENABLE_OBJC_WEAK = YES;
				CLANG_WARN_BLOCK_CAPTURE_AUTORELEASING = YES;
				CLANG_WARN_BOOL_CONVERSION = YES;
				CLANG_WARN_COMMA = YES;
				CLANG_WARN_CONSTANT_CONVERSION = YES;
				CLANG_WARN_DEPRECATED_OBJC_IMPLEMENTATIONS = YES;
				CLANG_WARN_DIRECT_OBJC_ISA_USAGE = YES_ERROR;
				CLANG_WARN_DOCUMENTATION_COMMENTS = YES;
				CLANG_WARN_EMPTY_BODY = YES;
				CLANG_WARN_ENUM_CONVERSION = YES;
				CLANG_WARN_INFINITE_RECURSION = YES;
				CLANG_WARN_INT_CONVERSION = YES;
				CLANG_WARN_NON_LITERAL_NULL_CONVERSION = YES;
				CLANG_WARN_OBJC_IMPLICIT_RETAIN_SELF = YES;
				CLANG_WARN_OBJC_LITERAL_CONVERSION = YES;
				CLANG_WARN_OBJC_ROOT_CLASS = YES_ERROR;
				CLANG_WARN_QUOTED_INCLUDE_IN_FRAMEWORK_HEADER = YES;
				CLANG_WARN_RANGE_LOOP_ANALYSIS = YES;
				CLANG_WARN_STRICT_PROTOTYPES = YES;
				CLANG_WARN_SUSPICIOUS_MOVE = YES;
				CLANG_WARN_UNGUARDED_AVAILABILITY = YES_AGGRESSIVE;
				CLANG_WARN_UNREACHABLE_CODE = YES;
				CLANG_WARN__DUPLICATE_METHOD_MATCH = YES;
				COPY_PHASE_STRIP = NO;
				DEBUG_INFORMATION_FORMAT = "dwarf-with-dsym";
				ENABLE_NS_ASSERTIONS = NO;
				ENABLE_STRICT_OBJC_MSGSEND = YES;
				GCC_C_LANGUAGE_STANDARD = gnu11;
				GCC_NO_COMMON_BLOCKS = YES;
				GCC_WARN_64_TO_32_BIT_CONVERSION = YES;
				GCC_WARN_ABOUT_RETURN_TYPE = YES_ERROR;
				GCC_WARN_UNDECLARED_SELECTOR = YES;
				GCC_WARN_UNINITIALIZED_AUTOS = YES_AGGRESSIVE;
				GCC_WARN_UNUSED_FUNCTION = YES;
				GCC_WARN_UNUSED_VARIABLE = YES;
				IPHONEOS_DEPLOYMENT_TARGET = 14.5;
				MTL_ENABLE_DEBUG_INFO = NO;
				MTL_FAST_MATH = YES;
				SDKROOT = iphoneos;
				SWIFT_COMPILATION_MODE = wholemodule;
				SWIFT_OPTIMIZATION_LEVEL = "-O";
				VALIDATE_PRODUCT = YES;
			};
			name = Release;
		};
		23D0FFCB26B98F90003B5EFA /* Debug */ = {
			isa = XCBuildConfiguration;
			buildSettings = {
				ASSETCATALOG_COMPILER_APPICON_NAME = AppIcon;
				ASSETCATALOG_COMPILER_GLOBAL_ACCENT_COLOR_NAME = AccentColor;
				CODE_SIGN_STYLE = Automatic;
				INFOPLIST_FILE = GitHub_And_Stuff/Info.plist;
				LD_RUNPATH_SEARCH_PATHS = (
					"$(inherited)",
					"@executable_path/Frameworks",
				);
				PRODUCT_BUNDLE_IDENTIFIER = "KWK.GitHub-And-Stuff";
				PRODUCT_NAME = "$(TARGET_NAME)";
				SWIFT_VERSION = 5.0;
				TARGETED_DEVICE_FAMILY = "1,2";
			};
			name = Debug;
		};
		23D0FFCC26B98F90003B5EFA /* Release */ = {
			isa = XCBuildConfiguration;
			buildSettings = {
				ASSETCATALOG_COMPILER_APPICON_NAME = AppIcon;
				ASSETCATALOG_COMPILER_GLOBAL_ACCENT_COLOR_NAME = AccentColor;
				CODE_SIGN_STYLE = Automatic;
				INFOPLIST_FILE = GitHub_And_Stuff/Info.plist;
				LD_RUNPATH_SEARCH_PATHS = (
					"$(inherited)",
					"@executable_path/Frameworks",
				);
				PRODUCT_BUNDLE_IDENTIFIER = "KWK.GitHub-And-Stuff";
				PRODUCT_NAME = "$(TARGET_NAME)";
				SWIFT_VERSION = 5.0;
				TARGETED_DEVICE_FAMILY = "1,2";
			};
			name = Release;
		};
/* End XCBuildConfiguration section */

/* Begin XCConfigurationList section */
		23D0FFAE26B98F7D003B5EFA /* Build configuration list for PBXProject "GitHub_And_Stuff" */ = {
			isa = XCConfigurationList;
			buildConfigurations = (
				23D0FFC826B98F90003B5EFA /* Debug */,
				23D0FFC926B98F90003B5EFA /* Release */,
			);
			defaultConfigurationIsVisible = 0;
			defaultConfigurationName = Release;
		};
		23D0FFCA26B98F90003B5EFA /* Build configuration list for PBXNativeTarget "GitHub_And_Stuff" */ = {
			isa = XCConfigurationList;
			buildConfigurations = (
				23D0FFCB26B98F90003B5EFA /* Debug */,
				23D0FFCC26B98F90003B5EFA /* Release */,
			);
			defaultConfigurationIsVisible = 0;
			defaultConfigurationName = Release;
		};
/* End XCConfigurationList section */

/* Begin XCVersionGroup section */
		23D0FFBF26B98F7E003B5EFA /* GitHub_And_Stuff.xcdatamodeld */ = {
			isa = XCVersionGroup;
			children = (
				23D0FFC026B98F7E003B5EFA /* GitHub_And_Stuff.xcdatamodel */,
			);
			currentVersion = 23D0FFC026B98F7E003B5EFA /* GitHub_And_Stuff.xcdatamodel */;
			path = GitHub_And_Stuff.xcdatamodeld;
			sourceTree = "<group>";
			versionGroupType = wrapper.xcdatamodel;
		};
/* End XCVersionGroup section */
	};
	rootObject = 23D0FFAB26B98F7D003B5EFA /* Project object */;
}
